// !$*UTF8*$!
{
	archiveVersion = 1;
	classes = {
	};
	objectVersion = 48;
	objects = {

/* Begin PBXBuildFile section */
		B88EAB041FDFDB7F00995310 /* AppDelegate.m in Sources */ = {isa = PBXBuildFile; fileRef = B88EAB031FDFDB7F00995310 /* AppDelegate.m */; };
		B88EAB071FDFDB7F00995310 /* ViewController.m in Sources */ = {isa = PBXBuildFile; fileRef = B88EAB061FDFDB7F00995310 /* ViewController.m */; };
		B88EAB0A1FDFDB8000995310 /* Main.storyboard in Resources */ = {isa = PBXBuildFile; fileRef = B88EAB081FDFDB8000995310 /* Main.storyboard */; };
		B88EAB0C1FDFDB8000995310 /* Assets.xcassets in Resources */ = {isa = PBXBuildFile; fileRef = B88EAB0B1FDFDB8000995310 /* Assets.xcassets */; };
		B88EAB0F1FDFDB8000995310 /* LaunchScreen.storyboard in Resources */ = {isa = PBXBuildFile; fileRef = B88EAB0D1FDFDB8000995310 /* LaunchScreen.storyboard */; };
		B88EAB121FDFDB8000995310 /* main.m in Sources */ = {isa = PBXBuildFile; fileRef = B88EAB111FDFDB8000995310 /* main.m */; };
		B88EAB1A1FDFDF8800995310 /* CMBAlertMsgView.m in Sources */ = {isa = PBXBuildFile; fileRef = B88EAB191FDFDF8800995310 /* CMBAlertMsgView.m */; };
		B88EAB1C1FE0FD9D00995310 /* 运行效果.png in Resources */ = {isa = PBXBuildFile; fileRef = B88EAB1B1FE0FD9D00995310 /* 运行效果.png */; };
/* End PBXBuildFile section */

/* Begin PBXFileReference section */
		B88EAAFF1FDFDB7F00995310 /* CMBAlertView.app */ = {isa = PBXFileReference; explicitFileType = wrapper.application; includeInIndex = 0; path = CMBAlertView.app; sourceTree = BUILT_PRODUCTS_DIR; };
		B88EAB021FDFDB7F00995310 /* AppDelegate.h */ = {isa = PBXFileReference; lastKnownFileType = sourcecode.c.h; path = AppDelegate.h; sourceTree = "<group>"; };
		B88EAB031FDFDB7F00995310 /* AppDelegate.m */ = {isa = PBXFileReference; lastKnownFileType = sourcecode.c.objc; path = AppDelegate.m; sourceTree = "<group>"; };
		B88EAB051FDFDB7F00995310 /* ViewController.h */ = {isa = PBXFileReference; lastKnownFileType = sourcecode.c.h; path = ViewController.h; sourceTree = "<group>"; };
		B88EAB061FDFDB7F00995310 /* ViewController.m */ = {isa = PBXFileReference; lastKnownFileType = sourcecode.c.objc; path = ViewController.m; sourceTree = "<group>"; };
		B88EAB091FDFDB8000995310 /* Base */ = {isa = PBXFileReference; lastKnownFileType = file.storyboard; name = Base; path = Base.lproj/Main.storyboard; sourceTree = "<group>"; };
		B88EAB0B1FDFDB8000995310 /* Assets.xcassets */ = {isa = PBXFileReference; lastKnownFileType = folder.assetcatalog; path = Assets.xcassets; sourceTree = "<group>"; };
		B88EAB0E1FDFDB8000995310 /* Base */ = {isa = PBXFileReference; lastKnownFileType = file.storyboard; name = Base; path = Base.lproj/LaunchScreen.storyboard; sourceTree = "<group>"; };
		B88EAB101FDFDB8000995310 /* Info.plist */ = {isa = PBXFileReference; lastKnownFileType = text.plist.xml; path = Info.plist; sourceTree = "<group>"; };
		B88EAB111FDFDB8000995310 /* main.m */ = {isa = PBXFileReference; lastKnownFileType = sourcecode.c.objc; path = main.m; sourceTree = "<group>"; };
		B88EAB181FDFDF8800995310 /* CMBAlertMsgView.h */ = {isa = PBXFileReference; lastKnownFileType = sourcecode.c.h; path = CMBAlertMsgView.h; sourceTree = "<group>"; };
		B88EAB191FDFDF8800995310 /* CMBAlertMsgView.m */ = {isa = PBXFileReference; lastKnownFileType = sourcecode.c.objc; path = CMBAlertMsgView.m; sourceTree = "<group>"; };
		B88EAB1B1FE0FD9D00995310 /* 运行效果.png */ = {isa = PBXFileReference; lastKnownFileType = image.png; path = "运行效果.png"; sourceTree = SOURCE_ROOT; };
/* End PBXFileReference section */

/* Begin PBXFrameworksBuildPhase section */
		B88EAAFC1FDFDB7F00995310 /* Frameworks */ = {
			isa = PBXFrameworksBuildPhase;
			buildActionMask = 2147483647;
			files = (
			);
			runOnlyForDeploymentPostprocessing = 0;
		};
/* End PBXFrameworksBuildPhase section */

/* Begin PBXGroup section */
		B88EAAF61FDFDB7F00995310 = {
			isa = PBXGroup;
			children = (
				B88EAB011FDFDB7F00995310 /* CMBAlertView */,
				B88EAB001FDFDB7F00995310 /* Products */,
			);
			sourceTree = "<group>";
		};
		B88EAB001FDFDB7F00995310 /* Products */ = {
			isa = PBXGroup;
			children = (
				B88EAAFF1FDFDB7F00995310 /* CMBAlertView.app */,
			);
			name = Products;
			sourceTree = "<group>";
		};
		B88EAB011FDFDB7F00995310 /* CMBAlertView */ = {
			isa = PBXGroup;
			children = (
				B88EAB021FDFDB7F00995310 /* AppDelegate.h */,
				B88EAB031FDFDB7F00995310 /* AppDelegate.m */,
				B88EAB051FDFDB7F00995310 /* ViewController.h */,
				B88EAB061FDFDB7F00995310 /* ViewController.m */,
				B88EAB181FDFDF8800995310 /* CMBAlertMsgView.h */,
				B88EAB191FDFDF8800995310 /* CMBAlertMsgView.m */,
				B88EAB1B1FE0FD9D00995310 /* 运行效果.png */,
				B88EAB081FDFDB8000995310 /* Main.storyboard */,
				B88EAB0B1FDFDB8000995310 /* Assets.xcassets */,
				B88EAB0D1FDFDB8000995310 /* LaunchScreen.storyboard */,
				B88EAB101FDFDB8000995310 /* Info.plist */,
				B88EAB111FDFDB8000995310 /* main.m */,
			);
			path = CMBAlertView;
			sourceTree = "<group>";
		};
/* End PBXGroup section */

/* Begin PBXNativeTarget section */
		B88EAAFE1FDFDB7F00995310 /* CMBAlertView */ = {
			isa = PBXNativeTarget;
			buildConfigurationList = B88EAB151FDFDB8000995310 /* Build configuration list for PBXNativeTarget "CMBAlertView" */;
			buildPhases = (
				B88EAAFB1FDFDB7F00995310 /* Sources */,
				B88EAAFC1FDFDB7F00995310 /* Frameworks */,
				B88EAAFD1FDFDB7F00995310 /* Resources */,
			);
			buildRules = (
			);
			dependencies = (
			);
			name = CMBAlertView;
			productName = CMBAlertView;
			productReference = B88EAAFF1FDFDB7F00995310 /* CMBAlertView.app */;
			productType = "com.apple.product-type.application";
		};
/* End PBXNativeTarget section */

/* Begin PBXProject section */
		B88EAAF71FDFDB7F00995310 /* Project object */ = {
			isa = PBXProject;
			attributes = {
				LastUpgradeCheck = 0920;
				ORGANIZATIONNAME = ZN;
				TargetAttributes = {
					B88EAAFE1FDFDB7F00995310 = {
						CreatedOnToolsVersion = 9.2;
						ProvisioningStyle = Automatic;
					};
				};
			};
			buildConfigurationList = B88EAAFA1FDFDB7F00995310 /* Build configuration list for PBXProject "CMBAlertView" */;
			compatibilityVersion = "Xcode 8.0";
			developmentRegion = en;
			hasScannedForEncodings = 0;
			knownRegions = (
				en,
				Base,
			);
			mainGroup = B88EAAF61FDFDB7F00995310;
			productRefGroup = B88EAB001FDFDB7F00995310 /* Products */;
			projectDirPath = "";
			projectRoot = "";
			targets = (
				B88EAAFE1FDFDB7F00995310 /* CMBAlertView */,
			);
		};
/* End PBXProject section */

/* Begin PBXResourcesBuildPhase section */
		B88EAAFD1FDFDB7F00995310 /* Resources */ = {
			isa = PBXResourcesBuildPhase;
			buildActionMask = 2147483647;
			files = (
				B88EAB0F1FDFDB8000995310 /* LaunchScreen.storyboard in Resources */,
				B88EAB1C1FE0FD9D00995310 /* 运行效果.png in Resources */,
				B88EAB0C1FDFDB8000995310 /* Assets.xcassets in Resources */,
				B88EAB0A1FDFDB8000995310 /* Main.storyboard in Resources */,
			);
			runOnlyForDeploymentPostprocessing = 0;
		};
/* End PBXResourcesBuildPhase section */

/* Begin PBXSourcesBuildPhase section */
		B88EAAFB1FDFDB7F00995310 /* Sources */ = {
			isa = PBXSourcesBuildPhase;
			buildActionMask = 2147483647;
			files = (
				B88EAB1A1FDFDF8800995310 /* CMBAlertMsgView.m in Sources */,
				B88EAB071FDFDB7F00995310 /* ViewController.m in Sources */,
				B88EAB121FDFDB8000995310 /* main.m in Sources */,
				B88EAB041FDFDB7F00995310 /* AppDelegate.m in Sources */,
			);
			runOnlyForDeploymentPostprocessing = 0;
		};
/* End PBXSourcesBuildPhase section */

/* Begin PBXVariantGroup section */
		B88EAB081FDFDB8000995310 /* Main.storyboard */ = {
			isa = PBXVariantGroup;
			children = (
				B88EAB091FDFDB8000995310 /* Base */,
			);
			name = Main.storyboard;
			sourceTree = "<group>";
		};
		B88EAB0D1FDFDB8000995310 /* LaunchScreen.storyboard */ = {
			isa = PBXVariantGroup;
			children = (
				B88EAB0E1FDFDB8000995310 /* Base */,
			);
			name = LaunchScreen.storyboard;
			sourceTree = "<group>";
		};
/* End PBXVariantGroup section */

/* Begin XCBuildConfiguration section */
		B88EAB131FDFDB8000995310 /* Debug */ = {
			isa = XCBuildConfiguration;
			buildSettings = {
				ALWAYS_SEARCH_USER_PATHS = NO;
				CLANG_ANALYZER_NONNULL = YES;
				CLANG_ANALYZER_NUMBER_OBJECT_CONVERSION = YES_AGGRESSIVE;
				CLANG_CXX_LANGUAGE_STANDARD = "gnu++14";
				CLANG_CXX_LIBRARY = "libc++";
				CLANG_ENABLE_MODULES = YES;
				CLANG_ENABLE_OBJC_ARC = YES;
				CLANG_WARN_BLOCK_CAPTURE_AUTORELEASING = YES;
				CLANG_WARN_BOOL_CONVERSION = YES;
				CLANG_WARN_COMMA = YES;
				CLANG_WARN_CONSTANT_CONVERSION = YES;
				CLANG_WARN_DIRECT_OBJC_ISA_USAGE = YES_ERROR;
				CLANG_WARN_DOCUMENTATION_COMMENTS = YES;
				CLANG_WARN_EMPTY_BODY = YES;
				CLANG_WARN_ENUM_CONVERSION = YES;
				CLANG_WARN_INFINITE_RECURSION = YES;
				CLANG_WARN_INT_CONVERSION = YES;
				CLANG_WARN_NON_LITERAL_NULL_CONVERSION = YES;
				CLANG_WARN_OBJC_LITERAL_CONVERSION = YES;
				CLANG_WARN_OBJC_ROOT_CLASS = YES_ERROR;
				CLANG_WARN_RANGE_LOOP_ANALYSIS = YES;
				CLANG_WARN_STRICT_PROTOTYPES = YES;
				CLANG_WARN_SUSPICIOUS_MOVE = YES;
				CLANG_WARN_UNGUARDED_AVAILABILITY = YES_AGGRESSIVE;
				CLANG_WARN_UNREACHABLE_CODE = YES;
				CLANG_WARN__DUPLICATE_METHOD_MATCH = YES;
				CODE_SIGN_IDENTITY = "iPhone Developer";
				COPY_PHASE_STRIP = NO;
				DEBUG_INFORMATION_FORMAT = dwarf;
				ENABLE_STRICT_OBJC_MSGSEND = YES;
				ENABLE_TESTABILITY = YES;
				GCC_C_LANGUAGE_STANDARD = gnu11;
				GCC_DYNAMIC_NO_PIC = NO;
				GCC_NO_COMMON_BLOCKS = YES;
				GCC_OPTIMIZATION_LEVEL = 0;
				GCC_PREPROCESSOR_DEFINITIONS = (
					"DEBUG=1",
					"$(inherited)",
				);
				GCC_WARN_64_TO_32_BIT_CONVERSION = YES;
				GCC_WARN_ABOUT_RETURN_TYPE = YES_ERROR;
				GCC_WARN_UNDECLARED_SELECTOR = YES;
				GCC_WARN_UNINITIALIZED_AUTOS = YES_AGGRESSIVE;
				GCC_WARN_UNUSED_FUNCTION = YES;
				GCC_WARN_UNUSED_VARIABLE = YES;
				IPHONEOS_DEPLOYMENT_TARGET = 11.2;
				MTL_ENABLE_DEBUG_INFO = YES;
				ONLY_ACTIVE_ARCH = YES;
				SDKROOT = iphoneos;
			};
			name = Debug;
		};
		B88EAB141FDFDB8000995310 /* Release */ = {
			isa = XCBuildConfiguration;
			buildSettings = {
				ALWAYS_SEARCH_USER_PATHS = NO;
				CLANG_ANALYZER_NONNULL = YES;
				CLANG_ANALYZER_NUMBER_OBJECT_CONVERSION = YES_AGGRESSIVE;
				CLANG_CXX_LANGUAGE_STANDARD = "gnu++14";
				CLANG_CXX_LIBRARY = "libc++";
				CLANG_ENABLE_MODULES = YES;
				CLANG_ENABLE_OBJC_ARC = YES;
				CLANG_WARN_BLOCK_CAPTURE_AUTORELEASING = YES;
				CLANG_WARN_BOOL_CONVERSION = YES;
				CLANG_WARN_COMMA = YES;
				CLANG_WARN_CONSTANT_CONVERSION = YES;
				CLANG_WARN_DIRECT_OBJC_ISA_USAGE = YES_ERROR;
				CLANG_WARN_DOCUMENTATION_COMMENTS = YES;
				CLANG_WARN_EMPTY_BODY = YES;
				CLANG_WARN_ENUM_CONVERSION = YES;
				CLANG_WARN_INFINITE_RECURSION = YES;
				CLANG_WARN_INT_CONVERSION = YES;
				CLANG_WARN_NON_LITERAL_NULL_CONVERSION = YES;
				CLANG_WARN_OBJC_LITERAL_CONVERSION = YES;
				CLANG_WARN_OBJC_ROOT_CLASS = YES_ERROR;
				CLANG_WARN_RANGE_LOOP_ANALYSIS = YES;
				CLANG_WARN_STRICT_PROTOTYPES = YES;
				CLANG_WARN_SUSPICIOUS_MOVE = YES;
				CLANG_WARN_UNGUARDED_AVAILABILITY = YES_AGGRESSIVE;
				CLANG_WARN_UNREACHABLE_CODE = YES;
				CLANG_WARN__DUPLICATE_METHOD_MATCH = YES;
				CODE_SIGN_IDENTITY = "iPhone Developer";
				COPY_PHASE_STRIP = NO;
				DEBUG_INFORMATION_FORMAT = "dwarf-with-dsym";
				ENABLE_NS_ASSERTIONS = NO;
				ENABLE_STRICT_OBJC_MSGSEND = YES;
				GCC_C_LANGUAGE_STANDARD = gnu11;
				GCC_NO_COMMON_BLOCKS = YES;
				GCC_WARN_64_TO_32_BIT_CONVERSION = YES;
				GCC_WARN_ABOUT_RETURN_TYPE = YES_ERROR;
				GCC_WARN_UNDECLARED_SELECTOR = YES;
				GCC_WARN_UNINITIALIZED_AUTOS = YES_AGGRESSIVE;
				GCC_WARN_UNUSED_FUNCTION = YES;
				GCC_WARN_UNUSED_VARIABLE = YES;
				IPHONEOS_DEPLOYMENT_TARGET = 11.2;
				MTL_ENABLE_DEBUG_INFO = NO;
				SDKROOT = iphoneos;
				VALIDATE_PRODUCT = YES;
			};
			name = Release;
		};
		B88EAB161FDFDB8000995310 /* Debug */ = {
			isa = XCBuildConfiguration;
			buildSettings = {
				ASSETCATALOG_COMPILER_APPICON_NAME = AppIcon;
				CODE_SIGN_STYLE = Automatic;
				DEVELOPMENT_TEAM = 6TNR5YMG44;
				INFOPLIST_FILE = CMBAlertView/Info.plist;
				IPHONEOS_DEPLOYMENT_TARGET = 10.0;
				LD_RUNPATH_SEARCH_PATHS = "$(inherited) @executable_path/Frameworks";
				PRODUCT_BUNDLE_IDENTIFIER = yjzhdzj.CMBAlertView;
				PRODUCT_NAME = "$(TARGET_NAME)";
				TARGETED_DEVICE_FAMILY = "1,2";
			};
			name = Debug;
		};
		B88EAB171FDFDB8000995310 /* Release */ = {
			isa = XCBuildConfiguration;
			buildSettings = {
				ASSETCATALOG_COMPILER_APPICON_NAME = AppIcon;
				CODE_SIGN_STYLE = Automatic;
				DEVELOPMENT_TEAM = 6TNR5YMG44;
				INFOPLIST_FILE = CMBAlertView/Info.plist;
				IPHONEOS_DEPLOYMENT_TARGET = 10.0;
				LD_RUNPATH_SEARCH_PATHS = "$(inherited) @executable_path/Frameworks";
				PRODUCT_BUNDLE_IDENTIFIER = yjzhdzj.CMBAlertView;
				PRODUCT_NAME = "$(TARGET_NAME)";
				TARGETED_DEVICE_FAMILY = "1,2";
			};
			name = Release;
		};
/* End XCBuildConfiguration section */

/* Begin XCConfigurationList section */
		B88EAAFA1FDFDB7F00995310 /* Build configuration list for PBXProject "CMBAlertView" */ = {
			isa = XCConfigurationList;
			buildConfigurations = (
				B88EAB131FDFDB8000995310 /* Debug */,
				B88EAB141FDFDB8000995310 /* Release */,
			);
			defaultConfigurationIsVisible = 0;
			defaultConfigurationName = Release;
		};
		B88EAB151FDFDB8000995310 /* Build configuration list for PBXNativeTarget "CMBAlertView" */ = {
			isa = XCConfigurationList;
			buildConfigurations = (
				B88EAB161FDFDB8000995310 /* Debug */,
				B88EAB171FDFDB8000995310 /* Release */,
			);
			defaultConfigurationIsVisible = 0;
			defaultConfigurationName = Release;
		};
/* End XCConfigurationList section */
	};
	rootObject = B88EAAF71FDFDB7F00995310 /* Project object */;
}
